
Microsoft Visual Studio Solution File, Format Version 12.00
# Visual Studio Version 16
VisualStudioVersion = 16.0.31624.102
MinimumVisualStudioVersion = 10.0.40219.1
Project("{FAE04EC0-301F-11D3-BF4B-00C04F79EFBC}") = "SOL_IVAN_MORALES", "SOL_IVAN_MORALES\SOL_IVAN_MORALES.csproj", "{857575E2-EEAC-41D1-873F-60D6B9B0D56E}"
EndProject
Global
	GlobalSection(SolutionConfigurationPlatforms) = preSolution
		Debug|Any CPU = Debug|Any CPU
		Release|Any CPU = Release|Any CPU
	EndGlobalSection
	GlobalSection(ProjectConfigurationPlatforms) = postSolution
		{857575E2-EEAC-41D1-873F-60D6B9B0D56E}.Debug|Any CPU.ActiveCfg = Debug|Any CPU
		{857575E2-EEAC-41D1-873F-60D6B9B0D56E}.Debug|Any CPU.Build.0 = Debug|Any CPU
		{857575E2-EEAC-41D1-873F-60D6B9B0D56E}.Release|Any CPU.ActiveCfg = Release|Any CPU
		{857575E2-EEAC-41D1-873F-60D6B9B0D56E}.Release|Any CPU.Build.0 = Release|Any CPU
	EndGlobalSection
	GlobalSection(SolutionProperties) = preSolution
		HideSolutionNode = FALSE
	EndGlobalSection
	GlobalSection(ExtensibilityGlobals) = postSolution
		SolutionGuid = {4B6381FC-5189-4CD3-9A20-95D48BC02EF4}
	EndGlobalSection
EndGlobal
